
Microsoft Visual Studio Solution File, Format Version 12.00
# Visual Studio Version 16
VisualStudioVersion = 16.0.31410.357
MinimumVisualStudioVersion = 10.0.40219.1
Project("{FAE04EC0-301F-11D3-BF4B-00C04F79EFBC}") = "NotContains", "NotContains\NotContains.csproj", "{E6F3FE40-EA9D-4A46-928C-1BCF76F2D782}"
EndProject
Global
	GlobalSection(SolutionConfigurationPlatforms) = preSolution
		Debug|Any CPU = Debug|Any CPU
		Release|Any CPU = Release|Any CPU
	EndGlobalSection
	GlobalSection(ProjectConfigurationPlatforms) = postSolution
		{E6F3FE40-EA9D-4A46-928C-1BCF76F2D782}.Debug|Any CPU.ActiveCfg = Debug|Any CPU
		{E6F3FE40-EA9D-4A46-928C-1BCF76F2D782}.Debug|Any CPU.Build.0 = Debug|Any CPU
		{E6F3FE40-EA9D-4A46-928C-1BCF76F2D782}.Release|Any CPU.ActiveCfg = Release|Any CPU
		{E6F3FE40-EA9D-4A46-928C-1BCF76F2D782}.Release|Any CPU.Build.0 = Release|Any CPU
	EndGlobalSection
	GlobalSection(SolutionProperties) = preSolution
		HideSolutionNode = FALSE
	EndGlobalSection
	GlobalSection(ExtensibilityGlobals) = postSolution
		SolutionGuid = {4E80212E-2BAE-43CC-B8F2-50B706AA8E24}
	EndGlobalSection
EndGlobal
